PODS:
  - AFNetworking/NSURLSession (3.0.4):
    - AFNetworking/Reachability
    - AFNetworking/Security
    - AFNetworking/Serialization
  - AFNetworking/Reachability (3.0.4)
  - AFNetworking/Security (3.0.4)
  - AFNetworking/Serialization (3.0.4)
  - AFNetworking/UIKit (3.0.4):
    - AFNetworking/NSURLSession
  - MWFeedParser/NSString+HTML (1.0.1)
  - NVActivityIndicatorView (2.3)

DEPENDENCIES:
  - AFNetworking/UIKit (~> 3.0)
  - MWFeedParser/NSString+HTML (~> 1.0)
  - NVActivityIndicatorView (from `https://github.com/stephsharp/NVActivityIndicatorView.git`,
    branch `objc-fixes`)

EXTERNAL SOURCES:
  NVActivityIndicatorView:
    :branch: objc-fixes
    :git: https://github.com/stephsharp/NVActivityIndicatorView.git

CHECKOUT OPTIONS:
  NVActivityIndicatorView:
    :commit: bdf96fc6bc77d0d5de9e3391c323dc3e8d9cfa27
    :git: https://github.com/stephsharp/NVActivityIndicatorView.git

SPEC CHECKSUMS:
  AFNetworking: a0075feb321559dc78d9d85b55d11caa19eabb93
  MWFeedParser: 2cf646014c1baf6ad1b08c480b40a08180079247
  NVActivityIndicatorView: c7ef25ef527ab5e51b00322cb1ddd58681bcf2a3

COCOAPODS: 0.39.0
